
Microsoft Visual Studio Solution File, Format Version 12.00
# Visual Studio Version 16
VisualStudioVersion = 16.0.31702.278
MinimumVisualStudioVersion = 10.0.40219.1
Project("{FAE04EC0-301F-11D3-BF4B-00C04F79EFBC}") = "gRPCService", "gRPCService\gRPCService.csproj", "{45AB660A-C15A-44C8-93A5-34B710DAABAF}"
EndProject
Project("{FAE04EC0-301F-11D3-BF4B-00C04F79EFBC}") = "gRPCClient", "gRPCClient\gRPCClient.csproj", "{52D4315C-798E-449B-B5F1-D0A30AB13014}"
EndProject
Global
	GlobalSection(SolutionConfigurationPlatforms) = preSolution
		Debug|Any CPU = Debug|Any CPU
		Release|Any CPU = Release|Any CPU
	EndGlobalSection
	GlobalSection(ProjectConfigurationPlatforms) = postSolution
		{45AB660A-C15A-44C8-93A5-34B710DAABAF}.Debug|Any CPU.ActiveCfg = Debug|Any CPU
		{45AB660A-C15A-44C8-93A5-34B710DAABAF}.Debug|Any CPU.Build.0 = Debug|Any CPU
		{45AB660A-C15A-44C8-93A5-34B710DAABAF}.Release|Any CPU.ActiveCfg = Release|Any CPU
		{45AB660A-C15A-44C8-93A5-34B710DAABAF}.Release|Any CPU.Build.0 = Release|Any CPU
		{52D4315C-798E-449B-B5F1-D0A30AB13014}.Debug|Any CPU.ActiveCfg = Debug|Any CPU
		{52D4315C-798E-449B-B5F1-D0A30AB13014}.Debug|Any CPU.Build.0 = Debug|Any CPU
		{52D4315C-798E-449B-B5F1-D0A30AB13014}.Release|Any CPU.ActiveCfg = Release|Any CPU
		{52D4315C-798E-449B-B5F1-D0A30AB13014}.Release|Any CPU.Build.0 = Release|Any CPU
	EndGlobalSection
	GlobalSection(SolutionProperties) = preSolution
		HideSolutionNode = FALSE
	EndGlobalSection
	GlobalSection(ExtensibilityGlobals) = postSolution
		SolutionGuid = {83556D33-06EC-47F3-A5B1-A54197930272}
	EndGlobalSection
EndGlobal
